{
  "object": {
    "pins": [
      {
        "package": "KSCrash",
        "repositoryURL": "https://github.com/Kumulos/KSCrash.git",
        "state": {
          "branch": null,
          "revision": "2826099e349089134bc06c2f994a257d96cd632a",
          "version": "1.15.21-kumulos.4"
        }
      }
    ]
  },
  "version": 1
}
