{
  "object": {
    "pins": [
      {
        "package": "KSCrash",
        "repositoryURL": "https://github.com/Kumulos/KSCrash",
        "state": {
          "branch": "master",
          "revision": "2826099e349089134bc06c2f994a257d96cd632a",
          "version": null
        }
      }
    ]
  },
  "version": 1
}
